// !$*UTF8*$!
{
	archiveVersion = 1;
	classes = {
	};
	objectVersion = 56;
	objects = {

/* Begin PBXBuildFile section */
		D408C45A2C9081CA001464E7 /* CarHistoryAppApp.swift in Sources */ = {isa = PBXBuildFile; fileRef = D408C4592C9081CA001464E7 /* CarHistoryAppApp.swift */; };
		D408C45E2C9081CC001464E7 /* Assets.xcassets in Resources */ = {isa = PBXBuildFile; fileRef = D408C45D2C9081CC001464E7 /* Assets.xcassets */; };
		D408C4612C9081CC001464E7 /* Preview Assets.xcassets in Resources */ = {isa = PBXBuildFile; fileRef = D408C4602C9081CC001464E7 /* Preview Assets.xcassets */; };
		D408C46A2C908740001464E7 /* HomeView.swift in Sources */ = {isa = PBXBuildFile; fileRef = D408C4692C908740001464E7 /* HomeView.swift */; };
		D408C46C2C9087BF001464E7 /* CarEnrollView.swift in Sources */ = {isa = PBXBuildFile; fileRef = D408C46B2C9087BF001464E7 /* CarEnrollView.swift */; };
		D408C4E92C97F7D2001464E7 /* LocationSelectView.swift in Sources */ = {isa = PBXBuildFile; fileRef = D408C4E82C97F7D2001464E7 /* LocationSelectView.swift */; };
		D42345112C99A9520019F434 /* DummyData.swift in Sources */ = {isa = PBXBuildFile; fileRef = D42345102C99A9520019F434 /* DummyData.swift */; };
		D42345182C99AB5E0019F434 /* Car.swift in Sources */ = {isa = PBXBuildFile; fileRef = D42345172C99AB5E0019F434 /* Car.swift */; };
		D423451E2C99AFAB0019F434 /* RealmSwift in Frameworks */ = {isa = PBXBuildFile; productRef = D423451D2C99AFAB0019F434 /* RealmSwift */; };
		D42345202C9AF6400019F434 /* Nearby.swift in Sources */ = {isa = PBXBuildFile; fileRef = D423451F2C9AF6400019F434 /* Nearby.swift */; };
		D42345232C9B095A0019F434 /* RealmSwift in Embed Frameworks */ = {isa = PBXBuildFile; productRef = D423451D2C99AFAB0019F434 /* RealmSwift */; settings = {ATTRIBUTES = (CodeSignOnCopy, ); }; };
		D45172EC2C9C4175003A1E8C /* CustomTextField.swift in Sources */ = {isa = PBXBuildFile; fileRef = D45172EB2C9C4175003A1E8C /* CustomTextField.swift */; };
		D45172EE2C9C6E6A003A1E8C /* MonthlySummary.swift in Sources */ = {isa = PBXBuildFile; fileRef = D45172ED2C9C6E6A003A1E8C /* MonthlySummary.swift */; };
		D45172F12C9D99B9003A1E8C /* ImagePicker.swift in Sources */ = {isa = PBXBuildFile; fileRef = D45172F02C9D99B9003A1E8C /* ImagePicker.swift */; };
		D45172F62C9DAAEB003A1E8C /* FuelCostView.swift in Sources */ = {isa = PBXBuildFile; fileRef = D45172F52C9DAAEB003A1E8C /* FuelCostView.swift */; };
		D45172F82C9DAEC0003A1E8C /* MaintanenceView.swift in Sources */ = {isa = PBXBuildFile; fileRef = D45172F72C9DAEC0003A1E8C /* MaintanenceView.swift */; };
		D45172FA2C9DB1D9003A1E8C /* NavigationLazyView.swift in Sources */ = {isa = PBXBuildFile; fileRef = D45172F92C9DB1D9003A1E8C /* NavigationLazyView.swift */; };
		D45172FE2C9F0EEB003A1E8C /* MKMapItem+Ex.swift in Sources */ = {isa = PBXBuildFile; fileRef = D45172FD2C9F0EEB003A1E8C /* MKMapItem+Ex.swift */; };
		D45173002C9FEB23003A1E8C /* BasicSettingsHelper.swift in Sources */ = {isa = PBXBuildFile; fileRef = D45172FF2C9FEB23003A1E8C /* BasicSettingsHelper.swift */; };
		D45173022C9FEF2E003A1E8C /* OnboardingView.swift in Sources */ = {isa = PBXBuildFile; fileRef = D45173012C9FEF2E003A1E8C /* OnboardingView.swift */; };
		D45173072CA04CB9003A1E8C /* NewLogSheet.swift in Sources */ = {isa = PBXBuildFile; fileRef = D45173062CA04CB9003A1E8C /* NewLogSheet.swift */; };
		D45173092CA0519D003A1E8C /* DateHelper.swift in Sources */ = {isa = PBXBuildFile; fileRef = D45173082CA0519D003A1E8C /* DateHelper.swift */; };
		D4641A782CDF9C38005DB6F8 /* FirebaseAnalyticsWithoutAdIdSupport in Frameworks */ = {isa = PBXBuildFile; productRef = D4641A772CDF9C38005DB6F8 /* FirebaseAnalyticsWithoutAdIdSupport */; };
		D4641A7A2CDF9C38005DB6F8 /* FirebaseCrashlytics in Frameworks */ = {isa = PBXBuildFile; productRef = D4641A792CDF9C38005DB6F8 /* FirebaseCrashlytics */; };
		D4641A7E2CE0B362005DB6F8 /* LogRepositoryProtocol.swift in Sources */ = {isa = PBXBuildFile; fileRef = D4641A7D2CE0B362005DB6F8 /* LogRepositoryProtocol.swift */; };
		D4641A802CE0C40E005DB6F8 /* CarRealmService.swift in Sources */ = {isa = PBXBuildFile; fileRef = D4641A7F2CE0C40E005DB6F8 /* CarRealmService.swift */; };
		D4641A822CE0C415005DB6F8 /* LogRealmService.swift in Sources */ = {isa = PBXBuildFile; fileRef = D4641A812CE0C415005DB6F8 /* LogRealmService.swift */; };
		D4641A842CE0F97B005DB6F8 /* CarDomain.swift in Sources */ = {isa = PBXBuildFile; fileRef = D4641A832CE0F97B005DB6F8 /* CarDomain.swift */; };
		D4641A862CE0F987005DB6F8 /* LogDomain.swift in Sources */ = {isa = PBXBuildFile; fileRef = D4641A852CE0F987005DB6F8 /* LogDomain.swift */; };
		D4641A882CE352CF005DB6F8 /* CarViewModel.swift in Sources */ = {isa = PBXBuildFile; fileRef = D4641A872CE352CF005DB6F8 /* CarViewModel.swift */; };
		D4641A8A2CE352D4005DB6F8 /* LogViewModel.swift in Sources */ = {isa = PBXBuildFile; fileRef = D4641A892CE352D4005DB6F8 /* LogViewModel.swift */; };
		D4C3FE042CACD03E00E751EA /* LinkToApp.swift in Sources */ = {isa = PBXBuildFile; fileRef = D4C3FE032CACD03E00E751EA /* LinkToApp.swift */; };
		D4C3FE0A2CAEBD4B00E751EA /* SettingsView.swift in Sources */ = {isa = PBXBuildFile; fileRef = D4C3FE092CAEBD4B00E751EA /* SettingsView.swift */; };
		D4C3FE0C2CAEBFCB00E751EA /* CarManageView.swift in Sources */ = {isa = PBXBuildFile; fileRef = D4C3FE0B2CAEBFCB00E751EA /* CarManageView.swift */; };
		D4CF7D2C2CC397F5009DB083 /* .gitignore in Resources */ = {isa = PBXBuildFile; fileRef = D4CF7D2B2CC397F5009DB083 /* .gitignore */; };
		D4CF7D302CC540B3009DB083 /* CarRepositoryProtocol.swift in Sources */ = {isa = PBXBuildFile; fileRef = D4CF7D2F2CC540B3009DB083 /* CarRepositoryProtocol.swift */; };
		D4CF7D522CC79ACE009DB083 /* CarImageManager.swift in Sources */ = {isa = PBXBuildFile; fileRef = D4CF7D512CC79ACE009DB083 /* CarImageManager.swift */; };
		D4E1F6022CA431F9003169A6 /* TestView.swift in Sources */ = {isa = PBXBuildFile; fileRef = D4E1F6012CA431F9003169A6 /* TestView.swift */; };
		D4E1F6082CA58020003169A6 /* CalendarView.swift in Sources */ = {isa = PBXBuildFile; fileRef = D4E1F6072CA58020003169A6 /* CalendarView.swift */; };
		D4E1F6362CA69984003169A6 /* CarLog.swift in Sources */ = {isa = PBXBuildFile; fileRef = D4E1F6352CA69984003169A6 /* CarLog.swift */; };
		D4E1F6382CA69A11003169A6 /* Color+Ex.swift in Sources */ = {isa = PBXBuildFile; fileRef = D4E1F6372CA69A11003169A6 /* Color+Ex.swift */; };
		D4E1F6402CA7ADD6003169A6 /* SummaryView.swift in Sources */ = {isa = PBXBuildFile; fileRef = D4E1F63F2CA7ADD6003169A6 /* SummaryView.swift */; };
		D4E1F6532CA87256003169A6 /* NearbyMapView.swift in Sources */ = {isa = PBXBuildFile; fileRef = D4E1F6522CA87256003169A6 /* NearbyMapView.swift */; };
		D4E1F6552CA87260003169A6 /* LocationManager.swift in Sources */ = {isa = PBXBuildFile; fileRef = D4E1F6542CA87260003169A6 /* LocationManager.swift */; };
		D4E1F6572CA87266003169A6 /* CustomMarker.swift in Sources */ = {isa = PBXBuildFile; fileRef = D4E1F6562CA87266003169A6 /* CustomMarker.swift */; };
		D4E1F65E2CA968BD003169A6 /* LocaleManager.swift in Sources */ = {isa = PBXBuildFile; fileRef = D4E1F65D2CA968BD003169A6 /* LocaleManager.swift */; };
		D4E1F6602CA96C2C003169A6 /* LogValidator.swift in Sources */ = {isa = PBXBuildFile; fileRef = D4E1F65F2CA96C2C003169A6 /* LogValidator.swift */; };
		D4E1F6632CA9AAE8003169A6 /* YearlyLogView.swift in Sources */ = {isa = PBXBuildFile; fileRef = D4E1F6622CA9AAE8003169A6 /* YearlyLogView.swift */; };
/* End PBXBuildFile section */

/* Begin PBXCopyFilesBuildPhase section */
		D42345242C9B095B0019F434 /* Embed Frameworks */ = {
			isa = PBXCopyFilesBuildPhase;
			buildActionMask = 2147483647;
			dstPath = "";
			dstSubfolderSpec = 10;
			files = (
				D42345232C9B095A0019F434 /* RealmSwift in Embed Frameworks */,
			);
			name = "Embed Frameworks";
			runOnlyForDeploymentPostprocessing = 0;
		};
/* End PBXCopyFilesBuildPhase section */

/* Begin PBXFileReference section */
		D408C4562C9081CA001464E7 /* CarHistoryApp.app */ = {isa = PBXFileReference; explicitFileType = wrapper.application; includeInIndex = 0; path = CarHistoryApp.app; sourceTree = BUILT_PRODUCTS_DIR; };
		D408C4592C9081CA001464E7 /* CarHistoryAppApp.swift */ = {isa = PBXFileReference; lastKnownFileType = sourcecode.swift; path = CarHistoryAppApp.swift; sourceTree = "<group>"; };
		D408C45D2C9081CC001464E7 /* Assets.xcassets */ = {isa = PBXFileReference; lastKnownFileType = folder.assetcatalog; path = Assets.xcassets; sourceTree = "<group>"; };
		D408C4602C9081CC001464E7 /* Preview Assets.xcassets */ = {isa = PBXFileReference; lastKnownFileType = folder.assetcatalog; path = "Preview Assets.xcassets"; sourceTree = "<group>"; };
		D408C4692C908740001464E7 /* HomeView.swift */ = {isa = PBXFileReference; lastKnownFileType = sourcecode.swift; path = HomeView.swift; sourceTree = "<group>"; };
		D408C46B2C9087BF001464E7 /* CarEnrollView.swift */ = {isa = PBXFileReference; lastKnownFileType = sourcecode.swift; path = CarEnrollView.swift; sourceTree = "<group>"; };
		D408C4E82C97F7D2001464E7 /* LocationSelectView.swift */ = {isa = PBXFileReference; lastKnownFileType = sourcecode.swift; path = LocationSelectView.swift; sourceTree = "<group>"; };
		D42345102C99A9520019F434 /* DummyData.swift */ = {isa = PBXFileReference; lastKnownFileType = sourcecode.swift; path = DummyData.swift; sourceTree = "<group>"; };
		D42345172C99AB5E0019F434 /* Car.swift */ = {isa = PBXFileReference; lastKnownFileType = sourcecode.swift; path = Car.swift; sourceTree = "<group>"; };
		D423451F2C9AF6400019F434 /* Nearby.swift */ = {isa = PBXFileReference; lastKnownFileType = sourcecode.swift; path = Nearby.swift; sourceTree = "<group>"; };
		D45172EB2C9C4175003A1E8C /* CustomTextField.swift */ = {isa = PBXFileReference; lastKnownFileType = sourcecode.swift; path = CustomTextField.swift; sourceTree = "<group>"; };
		D45172ED2C9C6E6A003A1E8C /* MonthlySummary.swift */ = {isa = PBXFileReference; lastKnownFileType = sourcecode.swift; path = MonthlySummary.swift; sourceTree = "<group>"; };
		D45172F02C9D99B9003A1E8C /* ImagePicker.swift */ = {isa = PBXFileReference; lastKnownFileType = sourcecode.swift; path = ImagePicker.swift; sourceTree = "<group>"; };
		D45172F52C9DAAEB003A1E8C /* FuelCostView.swift */ = {isa = PBXFileReference; lastKnownFileType = sourcecode.swift; path = FuelCostView.swift; sourceTree = "<group>"; };
		D45172F72C9DAEC0003A1E8C /* MaintanenceView.swift */ = {isa = PBXFileReference; lastKnownFileType = sourcecode.swift; path = MaintanenceView.swift; sourceTree = "<group>"; };
		D45172F92C9DB1D9003A1E8C /* NavigationLazyView.swift */ = {isa = PBXFileReference; lastKnownFileType = sourcecode.swift; path = NavigationLazyView.swift; sourceTree = "<group>"; };
		D45172FD2C9F0EEB003A1E8C /* MKMapItem+Ex.swift */ = {isa = PBXFileReference; lastKnownFileType = sourcecode.swift; path = "MKMapItem+Ex.swift"; sourceTree = "<group>"; };
		D45172FF2C9FEB23003A1E8C /* BasicSettingsHelper.swift */ = {isa = PBXFileReference; lastKnownFileType = sourcecode.swift; path = BasicSettingsHelper.swift; sourceTree = "<group>"; };
		D45173012C9FEF2E003A1E8C /* OnboardingView.swift */ = {isa = PBXFileReference; lastKnownFileType = sourcecode.swift; path = OnboardingView.swift; sourceTree = "<group>"; };
		D45173062CA04CB9003A1E8C /* NewLogSheet.swift */ = {isa = PBXFileReference; lastKnownFileType = sourcecode.swift; path = NewLogSheet.swift; sourceTree = "<group>"; };
		D45173082CA0519D003A1E8C /* DateHelper.swift */ = {isa = PBXFileReference; lastKnownFileType = sourcecode.swift; path = DateHelper.swift; sourceTree = "<group>"; };
		D451730A2CA110F8003A1E8C /* Info.plist */ = {isa = PBXFileReference; lastKnownFileType = text.plist; path = Info.plist; sourceTree = "<group>"; };
		D4641A7D2CE0B362005DB6F8 /* LogRepositoryProtocol.swift */ = {isa = PBXFileReference; lastKnownFileType = sourcecode.swift; path = LogRepositoryProtocol.swift; sourceTree = "<group>"; };
		D4641A7F2CE0C40E005DB6F8 /* CarRealmService.swift */ = {isa = PBXFileReference; lastKnownFileType = sourcecode.swift; path = CarRealmService.swift; sourceTree = "<group>"; };
		D4641A812CE0C415005DB6F8 /* LogRealmService.swift */ = {isa = PBXFileReference; lastKnownFileType = sourcecode.swift; path = LogRealmService.swift; sourceTree = "<group>"; };
		D4641A832CE0F97B005DB6F8 /* CarDomain.swift */ = {isa = PBXFileReference; lastKnownFileType = sourcecode.swift; path = CarDomain.swift; sourceTree = "<group>"; };
		D4641A852CE0F987005DB6F8 /* LogDomain.swift */ = {isa = PBXFileReference; lastKnownFileType = sourcecode.swift; path = LogDomain.swift; sourceTree = "<group>"; };
		D4641A872CE352CF005DB6F8 /* CarViewModel.swift */ = {isa = PBXFileReference; lastKnownFileType = sourcecode.swift; path = CarViewModel.swift; sourceTree = "<group>"; };
		D4641A892CE352D4005DB6F8 /* LogViewModel.swift */ = {isa = PBXFileReference; lastKnownFileType = sourcecode.swift; path = LogViewModel.swift; sourceTree = "<group>"; };
		D4C3FE032CACD03E00E751EA /* LinkToApp.swift */ = {isa = PBXFileReference; lastKnownFileType = sourcecode.swift; path = LinkToApp.swift; sourceTree = "<group>"; };
		D4C3FE092CAEBD4B00E751EA /* SettingsView.swift */ = {isa = PBXFileReference; lastKnownFileType = sourcecode.swift; path = SettingsView.swift; sourceTree = "<group>"; };
		D4C3FE0B2CAEBFCB00E751EA /* CarManageView.swift */ = {isa = PBXFileReference; lastKnownFileType = sourcecode.swift; path = CarManageView.swift; sourceTree = "<group>"; };
		D4CF7D2B2CC397F5009DB083 /* .gitignore */ = {isa = PBXFileReference; lastKnownFileType = text; path = .gitignore; sourceTree = "<group>"; };
		D4CF7D2F2CC540B3009DB083 /* CarRepositoryProtocol.swift */ = {isa = PBXFileReference; lastKnownFileType = sourcecode.swift; path = CarRepositoryProtocol.swift; sourceTree = "<group>"; };
		D4CF7D512CC79ACE009DB083 /* CarImageManager.swift */ = {isa = PBXFileReference; lastKnownFileType = sourcecode.swift; path = CarImageManager.swift; sourceTree = "<group>"; };
		D4E1F6012CA431F9003169A6 /* TestView.swift */ = {isa = PBXFileReference; lastKnownFileType = sourcecode.swift; path = TestView.swift; sourceTree = "<group>"; };
		D4E1F6072CA58020003169A6 /* CalendarView.swift */ = {isa = PBXFileReference; lastKnownFileType = sourcecode.swift; path = CalendarView.swift; sourceTree = "<group>"; };
		D4E1F6352CA69984003169A6 /* CarLog.swift */ = {isa = PBXFileReference; lastKnownFileType = sourcecode.swift; path = CarLog.swift; sourceTree = "<group>"; };
		D4E1F6372CA69A11003169A6 /* Color+Ex.swift */ = {isa = PBXFileReference; lastKnownFileType = sourcecode.swift; path = "Color+Ex.swift"; sourceTree = "<group>"; };
		D4E1F63F2CA7ADD6003169A6 /* SummaryView.swift */ = {isa = PBXFileReference; lastKnownFileType = sourcecode.swift; path = SummaryView.swift; sourceTree = "<group>"; };
		D4E1F6522CA87256003169A6 /* NearbyMapView.swift */ = {isa = PBXFileReference; fileEncoding = 4; lastKnownFileType = sourcecode.swift; path = NearbyMapView.swift; sourceTree = "<group>"; };
		D4E1F6542CA87260003169A6 /* LocationManager.swift */ = {isa = PBXFileReference; fileEncoding = 4; lastKnownFileType = sourcecode.swift; path = LocationManager.swift; sourceTree = "<group>"; };
		D4E1F6562CA87266003169A6 /* CustomMarker.swift */ = {isa = PBXFileReference; fileEncoding = 4; lastKnownFileType = sourcecode.swift; path = CustomMarker.swift; sourceTree = "<group>"; };
		D4E1F65D2CA968BD003169A6 /* LocaleManager.swift */ = {isa = PBXFileReference; lastKnownFileType = sourcecode.swift; path = LocaleManager.swift; sourceTree = "<group>"; };
		D4E1F65F2CA96C2C003169A6 /* LogValidator.swift */ = {isa = PBXFileReference; lastKnownFileType = sourcecode.swift; path = LogValidator.swift; sourceTree = "<group>"; };
		D4E1F6622CA9AAE8003169A6 /* YearlyLogView.swift */ = {isa = PBXFileReference; lastKnownFileType = sourcecode.swift; path = YearlyLogView.swift; sourceTree = "<group>"; };
/* End PBXFileReference section */

/* Begin PBXFrameworksBuildPhase section */
		D408C4532C9081CA001464E7 /* Frameworks */ = {
			isa = PBXFrameworksBuildPhase;
			buildActionMask = 2147483647;
			files = (
				D4641A7A2CDF9C38005DB6F8 /* FirebaseCrashlytics in Frameworks */,
				D423451E2C99AFAB0019F434 /* RealmSwift in Frameworks */,
				D4641A782CDF9C38005DB6F8 /* FirebaseAnalyticsWithoutAdIdSupport in Frameworks */,
			);
			runOnlyForDeploymentPostprocessing = 0;
		};
/* End PBXFrameworksBuildPhase section */

/* Begin PBXGroup section */
		D408C44D2C9081CA001464E7 = {
			isa = PBXGroup;
			children = (
				D4CF7D2B2CC397F5009DB083 /* .gitignore */,
				D408C4582C9081CA001464E7 /* CarHistoryApp */,
				D408C4572C9081CA001464E7 /* Products */,
			);
			sourceTree = "<group>";
		};
		D408C4572C9081CA001464E7 /* Products */ = {
			isa = PBXGroup;
			children = (
				D408C4562C9081CA001464E7 /* CarHistoryApp.app */,
			);
			name = Products;
			sourceTree = "<group>";
		};
		D408C4582C9081CA001464E7 /* CarHistoryApp */ = {
			isa = PBXGroup;
			children = (
				D451730A2CA110F8003A1E8C /* Info.plist */,
				D408C4592C9081CA001464E7 /* CarHistoryAppApp.swift */,
				D45173012C9FEF2E003A1E8C /* OnboardingView.swift */,
				D4641A7C2CE06724005DB6F8 /* Model */,
				D42345142C99A97D0019F434 /* Data */,
				D45173032CA02CAF003A1E8C /* Home */,
				D45172F22C9DAABB003A1E8C /* Summary */,
				D4E1F6462CA7C217003169A6 /* Nearby */,
				D4E1F6612CA9AACE003169A6 /* AllLogs */,
				D45172EF2C9D999A003A1E8C /* CarEnroll */,
				D408C4E72C97F7BC001464E7 /* NewHistory */,
				D408C4E52C97E7CE001464E7 /* Settings */,
				D4E1F6032CA46500003169A6 /* Managers */,
				D45172EA2C9C415F003A1E8C /* etc */,
				D4E1F6062CA4E8D6003169A6 /* Modifier */,
				D408C45D2C9081CC001464E7 /* Assets.xcassets */,
				D408C45F2C9081CC001464E7 /* Preview Content */,
			);
			path = CarHistoryApp;
			sourceTree = "<group>";
		};
		D408C45F2C9081CC001464E7 /* Preview Content */ = {
			isa = PBXGroup;
			children = (
				D408C4602C9081CC001464E7 /* Preview Assets.xcassets */,
			);
			path = "Preview Content";
			sourceTree = "<group>";
		};
		D408C4E52C97E7CE001464E7 /* Settings */ = {
			isa = PBXGroup;
			children = (
				D4C3FE092CAEBD4B00E751EA /* SettingsView.swift */,
				D4C3FE0B2CAEBFCB00E751EA /* CarManageView.swift */,
			);
			path = Settings;
			sourceTree = "<group>";
		};
		D408C4E72C97F7BC001464E7 /* NewHistory */ = {
			isa = PBXGroup;
			children = (
				D45173062CA04CB9003A1E8C /* NewLogSheet.swift */,
				D408C4E82C97F7D2001464E7 /* LocationSelectView.swift */,
				D4E1F65F2CA96C2C003169A6 /* LogValidator.swift */,
			);
			path = NewHistory;
			sourceTree = "<group>";
		};
		D42345142C99A97D0019F434 /* Data */ = {
			isa = PBXGroup;
			children = (
				D42345102C99A9520019F434 /* DummyData.swift */,
			);
			path = Data;
			sourceTree = "<group>";
		};
		D45172EA2C9C415F003A1E8C /* etc */ = {
			isa = PBXGroup;
			children = (
				D45172EB2C9C4175003A1E8C /* CustomTextField.swift */,
				D45172F92C9DB1D9003A1E8C /* NavigationLazyView.swift */,
				D45172FD2C9F0EEB003A1E8C /* MKMapItem+Ex.swift */,
				D4E1F6372CA69A11003169A6 /* Color+Ex.swift */,
				D4E1F6012CA431F9003169A6 /* TestView.swift */,
				D4E1F6072CA58020003169A6 /* CalendarView.swift */,
			);
			path = etc;
			sourceTree = "<group>";
		};
		D45172EF2C9D999A003A1E8C /* CarEnroll */ = {
			isa = PBXGroup;
			children = (
				D408C46B2C9087BF001464E7 /* CarEnrollView.swift */,
				D45172F02C9D99B9003A1E8C /* ImagePicker.swift */,
			);
			path = CarEnroll;
			sourceTree = "<group>";
		};
		D45172F22C9DAABB003A1E8C /* Summary */ = {
			isa = PBXGroup;
			children = (
				D45172F52C9DAAEB003A1E8C /* FuelCostView.swift */,
				D45172F72C9DAEC0003A1E8C /* MaintanenceView.swift */,
			);
			path = Summary;
			sourceTree = "<group>";
		};
		D45173032CA02CAF003A1E8C /* Home */ = {
			isa = PBXGroup;
			children = (
				D408C4692C908740001464E7 /* HomeView.swift */,
				D4E1F63F2CA7ADD6003169A6 /* SummaryView.swift */,
				D4E1F6412CA7AE20003169A6 /* HomeEnum */,
			);
			path = Home;
			sourceTree = "<group>";
		};
		D4641A7C2CE06724005DB6F8 /* Model */ = {
			isa = PBXGroup;
			children = (
				D42345172C99AB5E0019F434 /* Car.swift */,
				D4E1F6352CA69984003169A6 /* CarLog.swift */,
				D4641A832CE0F97B005DB6F8 /* CarDomain.swift */,
				D4641A852CE0F987005DB6F8 /* LogDomain.swift */,
				D4CF7D2F2CC540B3009DB083 /* CarRepositoryProtocol.swift */,
				D4641A7D2CE0B362005DB6F8 /* LogRepositoryProtocol.swift */,
				D4641A7F2CE0C40E005DB6F8 /* CarRealmService.swift */,
				D4641A812CE0C415005DB6F8 /* LogRealmService.swift */,
				D4641A872CE352CF005DB6F8 /* CarViewModel.swift */,
				D4641A892CE352D4005DB6F8 /* LogViewModel.swift */,
			);
			path = Model;
			sourceTree = "<group>";
		};
		D4E1F6032CA46500003169A6 /* Managers */ = {
			isa = PBXGroup;
			children = (
				D4E1F6542CA87260003169A6 /* LocationManager.swift */,
				D4CF7D512CC79ACE009DB083 /* CarImageManager.swift */,
				D45172FF2C9FEB23003A1E8C /* BasicSettingsHelper.swift */,
				D4E1F65D2CA968BD003169A6 /* LocaleManager.swift */,
				D45173082CA0519D003A1E8C /* DateHelper.swift */,
				D4C3FE032CACD03E00E751EA /* LinkToApp.swift */,
			);
			path = Managers;
			sourceTree = "<group>";
		};
		D4E1F6062CA4E8D6003169A6 /* Modifier */ = {
			isa = PBXGroup;
			children = (
			);
			name = Modifier;
			path = etc/Modifier;
			sourceTree = "<group>";
		};
		D4E1F6412CA7AE20003169A6 /* HomeEnum */ = {
			isa = PBXGroup;
			children = (
				D45172ED2C9C6E6A003A1E8C /* MonthlySummary.swift */,
				D423451F2C9AF6400019F434 /* Nearby.swift */,
			);
			path = HomeEnum;
			sourceTree = "<group>";
		};
		D4E1F6462CA7C217003169A6 /* Nearby */ = {
			isa = PBXGroup;
			children = (
				D4E1F6522CA87256003169A6 /* NearbyMapView.swift */,
				D4E1F6562CA87266003169A6 /* CustomMarker.swift */,
			);
			path = Nearby;
			sourceTree = "<group>";
		};
		D4E1F6612CA9AACE003169A6 /* AllLogs */ = {
			isa = PBXGroup;
			children = (
				D4E1F6622CA9AAE8003169A6 /* YearlyLogView.swift */,
			);
			path = AllLogs;
			sourceTree = "<group>";
		};
/* End PBXGroup section */

/* Begin PBXNativeTarget section */
		D408C4552C9081CA001464E7 /* CarHistoryApp */ = {
			isa = PBXNativeTarget;
			buildConfigurationList = D408C4642C9081CC001464E7 /* Build configuration list for PBXNativeTarget "CarHistoryApp" */;
			buildPhases = (
				D408C4522C9081CA001464E7 /* Sources */,
				D408C4532C9081CA001464E7 /* Frameworks */,
				D408C4542C9081CA001464E7 /* Resources */,
				D42345242C9B095B0019F434 /* Embed Frameworks */,
			);
			buildRules = (
			);
			dependencies = (
			);
			name = CarHistoryApp;
			packageProductDependencies = (
				D423451D2C99AFAB0019F434 /* RealmSwift */,
				D4641A772CDF9C38005DB6F8 /* FirebaseAnalyticsWithoutAdIdSupport */,
				D4641A792CDF9C38005DB6F8 /* FirebaseCrashlytics */,
			);
			productName = CarHistoryApp;
			productReference = D408C4562C9081CA001464E7 /* CarHistoryApp.app */;
			productType = "com.apple.product-type.application";
		};
/* End PBXNativeTarget section */

/* Begin PBXProject section */
		D408C44E2C9081CA001464E7 /* Project object */ = {
			isa = PBXProject;
			attributes = {
				BuildIndependentTargetsInParallel = 1;
				LastSwiftUpdateCheck = 1540;
				LastUpgradeCheck = 1540;
				TargetAttributes = {
					D408C4552C9081CA001464E7 = {
						CreatedOnToolsVersion = 15.4;
					};
				};
			};
			buildConfigurationList = D408C4512C9081CA001464E7 /* Build configuration list for PBXProject "CarHistoryApp" */;
			compatibilityVersion = "Xcode 14.0";
			developmentRegion = en;
			hasScannedForEncodings = 0;
			knownRegions = (
				en,
				Base,
				ko,
				ja,
			);
			mainGroup = D408C44D2C9081CA001464E7;
			packageReferences = (
				D423451C2C99AFAB0019F434 /* XCRemoteSwiftPackageReference "realm-swift" */,
				D4641A762CDF9C38005DB6F8 /* XCRemoteSwiftPackageReference "firebase-ios-sdk" */,
			);
			productRefGroup = D408C4572C9081CA001464E7 /* Products */;
			projectDirPath = "";
			projectRoot = "";
			targets = (
				D408C4552C9081CA001464E7 /* CarHistoryApp */,
			);
		};
/* End PBXProject section */

/* Begin PBXResourcesBuildPhase section */
		D408C4542C9081CA001464E7 /* Resources */ = {
			isa = PBXResourcesBuildPhase;
			buildActionMask = 2147483647;
			files = (
				D408C4612C9081CC001464E7 /* Preview Assets.xcassets in Resources */,
				D4CF7D2C2CC397F5009DB083 /* .gitignore in Resources */,
				D408C45E2C9081CC001464E7 /* Assets.xcassets in Resources */,
			);
			runOnlyForDeploymentPostprocessing = 0;
		};
/* End PBXResourcesBuildPhase section */

/* Begin PBXSourcesBuildPhase section */
		D408C4522C9081CA001464E7 /* Sources */ = {
			isa = PBXSourcesBuildPhase;
			buildActionMask = 2147483647;
			files = (
				D45172FA2C9DB1D9003A1E8C /* NavigationLazyView.swift in Sources */,
				D4641A8A2CE352D4005DB6F8 /* LogViewModel.swift in Sources */,
				D45172EE2C9C6E6A003A1E8C /* MonthlySummary.swift in Sources */,
				D45172EC2C9C4175003A1E8C /* CustomTextField.swift in Sources */,
				D42345202C9AF6400019F434 /* Nearby.swift in Sources */,
				D4641A842CE0F97B005DB6F8 /* CarDomain.swift in Sources */,
				D4E1F6552CA87260003169A6 /* LocationManager.swift in Sources */,
				D4E1F6362CA69984003169A6 /* CarLog.swift in Sources */,
				D4CF7D302CC540B3009DB083 /* CarRepositoryProtocol.swift in Sources */,
				D4E1F6382CA69A11003169A6 /* Color+Ex.swift in Sources */,
				D4E1F6082CA58020003169A6 /* CalendarView.swift in Sources */,
				D4C3FE0C2CAEBFCB00E751EA /* CarManageView.swift in Sources */,
				D4641A862CE0F987005DB6F8 /* LogDomain.swift in Sources */,
				D45173092CA0519D003A1E8C /* DateHelper.swift in Sources */,
				D4641A802CE0C40E005DB6F8 /* CarRealmService.swift in Sources */,
				D408C46C2C9087BF001464E7 /* CarEnrollView.swift in Sources */,
				D45172F62C9DAAEB003A1E8C /* FuelCostView.swift in Sources */,
				D4C3FE0A2CAEBD4B00E751EA /* SettingsView.swift in Sources */,
				D42345182C99AB5E0019F434 /* Car.swift in Sources */,
				D408C4E92C97F7D2001464E7 /* LocationSelectView.swift in Sources */,
				D408C46A2C908740001464E7 /* HomeView.swift in Sources */,
				D4E1F6402CA7ADD6003169A6 /* SummaryView.swift in Sources */,
				D408C45A2C9081CA001464E7 /* CarHistoryAppApp.swift in Sources */,
				D45173002C9FEB23003A1E8C /* BasicSettingsHelper.swift in Sources */,
				D45173072CA04CB9003A1E8C /* NewLogSheet.swift in Sources */,
				D4E1F65E2CA968BD003169A6 /* LocaleManager.swift in Sources */,
				D4641A822CE0C415005DB6F8 /* LogRealmService.swift in Sources */,
				D45172F12C9D99B9003A1E8C /* ImagePicker.swift in Sources */,
				D4641A7E2CE0B362005DB6F8 /* LogRepositoryProtocol.swift in Sources */,
				D4CF7D522CC79ACE009DB083 /* CarImageManager.swift in Sources */,
				D4E1F6572CA87266003169A6 /* CustomMarker.swift in Sources */,
				D42345112C99A9520019F434 /* DummyData.swift in Sources */,
				D4E1F6632CA9AAE8003169A6 /* YearlyLogView.swift in Sources */,
				D45172FE2C9F0EEB003A1E8C /* MKMapItem+Ex.swift in Sources */,
				D4E1F6022CA431F9003169A6 /* TestView.swift in Sources */,
				D4E1F6602CA96C2C003169A6 /* LogValidator.swift in Sources */,
				D4E1F6532CA87256003169A6 /* NearbyMapView.swift in Sources */,
				D45173022C9FEF2E003A1E8C /* OnboardingView.swift in Sources */,
				D45172F82C9DAEC0003A1E8C /* MaintanenceView.swift in Sources */,
				D4641A882CE352CF005DB6F8 /* CarViewModel.swift in Sources */,
				D4C3FE042CACD03E00E751EA /* LinkToApp.swift in Sources */,
			);
			runOnlyForDeploymentPostprocessing = 0;
		};
/* End PBXSourcesBuildPhase section */

/* Begin XCBuildConfiguration section */
		D408C4622C9081CC001464E7 /* Debug */ = {
			isa = XCBuildConfiguration;
			buildSettings = {
				ALWAYS_SEARCH_USER_PATHS = NO;
				ASSETCATALOG_COMPILER_GENERATE_SWIFT_ASSET_SYMBOL_EXTENSIONS = YES;
				CLANG_ANALYZER_NONNULL = YES;
				CLANG_ANALYZER_NUMBER_OBJECT_CONVERSION = YES_AGGRESSIVE;
				CLANG_CXX_LANGUAGE_STANDARD = "gnu++20";
				CLANG_ENABLE_MODULES = YES;
				CLANG_ENABLE_OBJC_ARC = YES;
				CLANG_ENABLE_OBJC_WEAK = YES;
				CLANG_WARN_BLOCK_CAPTURE_AUTORELEASING = YES;
				CLANG_WARN_BOOL_CONVERSION = YES;
				CLANG_WARN_COMMA = YES;
				CLANG_WARN_CONSTANT_CONVERSION = YES;
				CLANG_WARN_DEPRECATED_OBJC_IMPLEMENTATIONS = YES;
				CLANG_WARN_DIRECT_OBJC_ISA_USAGE = YES_ERROR;
				CLANG_WARN_DOCUMENTATION_COMMENTS = YES;
				CLANG_WARN_EMPTY_BODY = YES;
				CLANG_WARN_ENUM_CONVERSION = YES;
				CLANG_WARN_INFINITE_RECURSION = YES;
				CLANG_WARN_INT_CONVERSION = YES;
				CLANG_WARN_NON_LITERAL_NULL_CONVERSION = YES;
				CLANG_WARN_OBJC_IMPLICIT_RETAIN_SELF = YES;
				CLANG_WARN_OBJC_LITERAL_CONVERSION = YES;
				CLANG_WARN_OBJC_ROOT_CLASS = YES_ERROR;
				CLANG_WARN_QUOTED_INCLUDE_IN_FRAMEWORK_HEADER = YES;
				CLANG_WARN_RANGE_LOOP_ANALYSIS = YES;
				CLANG_WARN_STRICT_PROTOTYPES = YES;
				CLANG_WARN_SUSPICIOUS_MOVE = YES;
				CLANG_WARN_UNGUARDED_AVAILABILITY = YES_AGGRESSIVE;
				CLANG_WARN_UNREACHABLE_CODE = YES;
				CLANG_WARN__DUPLICATE_METHOD_MATCH = YES;
				COPY_PHASE_STRIP = NO;
				DEBUG_INFORMATION_FORMAT = dwarf;
				ENABLE_STRICT_OBJC_MSGSEND = YES;
				ENABLE_TESTABILITY = YES;
				ENABLE_USER_SCRIPT_SANDBOXING = YES;
				GCC_C_LANGUAGE_STANDARD = gnu17;
				GCC_DYNAMIC_NO_PIC = NO;
				GCC_NO_COMMON_BLOCKS = YES;
				GCC_OPTIMIZATION_LEVEL = 0;
				GCC_PREPROCESSOR_DEFINITIONS = (
					"DEBUG=1",
					"$(inherited)",
				);
				GCC_WARN_64_TO_32_BIT_CONVERSION = YES;
				GCC_WARN_ABOUT_RETURN_TYPE = YES_ERROR;
				GCC_WARN_UNDECLARED_SELECTOR = YES;
				GCC_WARN_UNINITIALIZED_AUTOS = YES_AGGRESSIVE;
				GCC_WARN_UNUSED_FUNCTION = YES;
				GCC_WARN_UNUSED_VARIABLE = YES;
				IPHONEOS_DEPLOYMENT_TARGET = 17.5;
				LOCALIZATION_PREFERS_STRING_CATALOGS = YES;
				MTL_ENABLE_DEBUG_INFO = INCLUDE_SOURCE;
				MTL_FAST_MATH = YES;
				ONLY_ACTIVE_ARCH = YES;
				SDKROOT = iphoneos;
				SWIFT_ACTIVE_COMPILATION_CONDITIONS = "DEBUG $(inherited)";
				SWIFT_OPTIMIZATION_LEVEL = "-Onone";
			};
			name = Debug;
		};
		D408C4632C9081CC001464E7 /* Release */ = {
			isa = XCBuildConfiguration;
			buildSettings = {
				ALWAYS_SEARCH_USER_PATHS = NO;
				ASSETCATALOG_COMPILER_GENERATE_SWIFT_ASSET_SYMBOL_EXTENSIONS = YES;
				CLANG_ANALYZER_NONNULL = YES;
				CLANG_ANALYZER_NUMBER_OBJECT_CONVERSION = YES_AGGRESSIVE;
				CLANG_CXX_LANGUAGE_STANDARD = "gnu++20";
				CLANG_ENABLE_MODULES = YES;
				CLANG_ENABLE_OBJC_ARC = YES;
				CLANG_ENABLE_OBJC_WEAK = YES;
				CLANG_WARN_BLOCK_CAPTURE_AUTORELEASING = YES;
				CLANG_WARN_BOOL_CONVERSION = YES;
				CLANG_WARN_COMMA = YES;
				CLANG_WARN_CONSTANT_CONVERSION = YES;
				CLANG_WARN_DEPRECATED_OBJC_IMPLEMENTATIONS = YES;
				CLANG_WARN_DIRECT_OBJC_ISA_USAGE = YES_ERROR;
				CLANG_WARN_DOCUMENTATION_COMMENTS = YES;
				CLANG_WARN_EMPTY_BODY = YES;
				CLANG_WARN_ENUM_CONVERSION = YES;
				CLANG_WARN_INFINITE_RECURSION = YES;
				CLANG_WARN_INT_CONVERSION = YES;
				CLANG_WARN_NON_LITERAL_NULL_CONVERSION = YES;
				CLANG_WARN_OBJC_IMPLICIT_RETAIN_SELF = YES;
				CLANG_WARN_OBJC_LITERAL_CONVERSION = YES;
				CLANG_WARN_OBJC_ROOT_CLASS = YES_ERROR;
				CLANG_WARN_QUOTED_INCLUDE_IN_FRAMEWORK_HEADER = YES;
				CLANG_WARN_RANGE_LOOP_ANALYSIS = YES;
				CLANG_WARN_STRICT_PROTOTYPES = YES;
				CLANG_WARN_SUSPICIOUS_MOVE = YES;
				CLANG_WARN_UNGUARDED_AVAILABILITY = YES_AGGRESSIVE;
				CLANG_WARN_UNREACHABLE_CODE = YES;
				CLANG_WARN__DUPLICATE_METHOD_MATCH = YES;
				COPY_PHASE_STRIP = NO;
				DEBUG_INFORMATION_FORMAT = "dwarf-with-dsym";
				ENABLE_NS_ASSERTIONS = NO;
				ENABLE_STRICT_OBJC_MSGSEND = YES;
				ENABLE_USER_SCRIPT_SANDBOXING = YES;
				GCC_C_LANGUAGE_STANDARD = gnu17;
				GCC_NO_COMMON_BLOCKS = YES;
				GCC_WARN_64_TO_32_BIT_CONVERSION = YES;
				GCC_WARN_ABOUT_RETURN_TYPE = YES_ERROR;
				GCC_WARN_UNDECLARED_SELECTOR = YES;
				GCC_WARN_UNINITIALIZED_AUTOS = YES_AGGRESSIVE;
				GCC_WARN_UNUSED_FUNCTION = YES;
				GCC_WARN_UNUSED_VARIABLE = YES;
				IPHONEOS_DEPLOYMENT_TARGET = 17.5;
				LOCALIZATION_PREFERS_STRING_CATALOGS = YES;
				MTL_ENABLE_DEBUG_INFO = NO;
				MTL_FAST_MATH = YES;
				SDKROOT = iphoneos;
				SWIFT_COMPILATION_MODE = wholemodule;
				VALIDATE_PRODUCT = YES;
			};
			name = Release;
		};
		D408C4652C9081CC001464E7 /* Debug */ = {
			isa = XCBuildConfiguration;
			buildSettings = {
				ASSETCATALOG_COMPILER_APPICON_NAME = AppIcon;
				ASSETCATALOG_COMPILER_GLOBAL_ACCENT_COLOR_NAME = AccentColor;
				CODE_SIGN_STYLE = Automatic;
				CURRENT_PROJECT_VERSION = 1;
				DEBUG_INFORMATION_FORMAT = "dwarf-with-dsym";
				DEVELOPMENT_ASSET_PATHS = "\"CarHistoryApp/Preview Content\"";
				DEVELOPMENT_TEAM = NWL6WKXWCJ;
				ENABLE_PREVIEWS = YES;
				GENERATE_INFOPLIST_FILE = YES;
				INFOPLIST_FILE = CarHistoryApp/Info.plist;
				INFOPLIST_KEY_CFBundleDisplayName = "Car Log";
				INFOPLIST_KEY_LSApplicationCategoryType = "public.app-category.productivity";
				INFOPLIST_KEY_NSLocationWhenInUseUsageDescription = "이 앱은 주변 장소 정보를 제공하기 위해 위치 접근 권한이 필요합니다.";
				INFOPLIST_KEY_NSPhotoLibraryUsageDescription = "자동차 사진을 저장하기 위해 사진 접근 권한이 필요합니다";
				INFOPLIST_KEY_UIApplicationSceneManifest_Generation = YES;
				INFOPLIST_KEY_UIApplicationSupportsIndirectInputEvents = YES;
				INFOPLIST_KEY_UILaunchScreen_Generation = YES;
				INFOPLIST_KEY_UISupportedInterfaceOrientations = UIInterfaceOrientationPortrait;
				INFOPLIST_KEY_UISupportedInterfaceOrientations_iPad = UIInterfaceOrientationPortrait;
				IPHONEOS_DEPLOYMENT_TARGET = 17.0;
				LD_RUNPATH_SEARCH_PATHS = (
					"$(inherited)",
					"@executable_path/Frameworks",
				);
				MARKETING_VERSION = 1.0.6;
				PRODUCT_BUNDLE_IDENTIFIER = com.Ray.CarHistoryApp;
				PRODUCT_NAME = "$(TARGET_NAME)";
				SUPPORTED_PLATFORMS = "iphoneos iphonesimulator";
				SUPPORTS_MACCATALYST = NO;
				SUPPORTS_MAC_DESIGNED_FOR_IPHONE_IPAD = NO;
				SUPPORTS_XR_DESIGNED_FOR_IPHONE_IPAD = NO;
				SWIFT_EMIT_LOC_STRINGS = YES;
				SWIFT_VERSION = 5.0;
				TARGETED_DEVICE_FAMILY = 1;
			};
			name = Debug;
		};
		D408C4662C9081CC001464E7 /* Release */ = {
			isa = XCBuildConfiguration;
			buildSettings = {
				ASSETCATALOG_COMPILER_APPICON_NAME = AppIcon;
				ASSETCATALOG_COMPILER_GLOBAL_ACCENT_COLOR_NAME = AccentColor;
				CODE_SIGN_STYLE = Automatic;
				CURRENT_PROJECT_VERSION = 1;
				DEVELOPMENT_ASSET_PATHS = "\"CarHistoryApp/Preview Content\"";
				DEVELOPMENT_TEAM = NWL6WKXWCJ;
				ENABLE_PREVIEWS = YES;
				GENERATE_INFOPLIST_FILE = YES;
				INFOPLIST_FILE = CarHistoryApp/Info.plist;
				INFOPLIST_KEY_CFBundleDisplayName = "Car Log";
				INFOPLIST_KEY_LSApplicationCategoryType = "public.app-category.productivity";
				INFOPLIST_KEY_NSLocationWhenInUseUsageDescription = "이 앱은 주변 장소 정보를 제공하기 위해 위치 접근 권한이 필요합니다.";
				INFOPLIST_KEY_NSPhotoLibraryUsageDescription = "자동차 사진을 저장하기 위해 사진 접근 권한이 필요합니다";
				INFOPLIST_KEY_UIApplicationSceneManifest_Generation = YES;
				INFOPLIST_KEY_UIApplicationSupportsIndirectInputEvents = YES;
				INFOPLIST_KEY_UILaunchScreen_Generation = YES;
				INFOPLIST_KEY_UISupportedInterfaceOrientations = UIInterfaceOrientationPortrait;
				INFOPLIST_KEY_UISupportedInterfaceOrientations_iPad = UIInterfaceOrientationPortrait;
				IPHONEOS_DEPLOYMENT_TARGET = 17.0;
				LD_RUNPATH_SEARCH_PATHS = (
					"$(inherited)",
					"@executable_path/Frameworks",
				);
				MARKETING_VERSION = 1.0.6;
				PRODUCT_BUNDLE_IDENTIFIER = com.Ray.CarHistoryApp;
				PRODUCT_NAME = "$(TARGET_NAME)";
				SUPPORTED_PLATFORMS = "iphoneos iphonesimulator";
				SUPPORTS_MACCATALYST = NO;
				SUPPORTS_MAC_DESIGNED_FOR_IPHONE_IPAD = NO;
				SUPPORTS_XR_DESIGNED_FOR_IPHONE_IPAD = NO;
				SWIFT_EMIT_LOC_STRINGS = YES;
				SWIFT_VERSION = 5.0;
				TARGETED_DEVICE_FAMILY = 1;
			};
			name = Release;
		};
/* End XCBuildConfiguration section */

/* Begin XCConfigurationList section */
		D408C4512C9081CA001464E7 /* Build configuration list for PBXProject "CarHistoryApp" */ = {
			isa = XCConfigurationList;
			buildConfigurations = (
				D408C4622C9081CC001464E7 /* Debug */,
				D408C4632C9081CC001464E7 /* Release */,
			);
			defaultConfigurationIsVisible = 0;
			defaultConfigurationName = Release;
		};
		D408C4642C9081CC001464E7 /* Build configuration list for PBXNativeTarget "CarHistoryApp" */ = {
			isa = XCConfigurationList;
			buildConfigurations = (
				D408C4652C9081CC001464E7 /* Debug */,
				D408C4662C9081CC001464E7 /* Release */,
			);
			defaultConfigurationIsVisible = 0;
			defaultConfigurationName = Release;
		};
/* End XCConfigurationList section */

/* Begin XCRemoteSwiftPackageReference section */
		D423451C2C99AFAB0019F434 /* XCRemoteSwiftPackageReference "realm-swift" */ = {
			isa = XCRemoteSwiftPackageReference;
			repositoryURL = "https://github.com/realm/realm-swift.git";
			requirement = {
				kind = exactVersion;
				version = 20.0.0;
			};
		};
		D4641A762CDF9C38005DB6F8 /* XCRemoteSwiftPackageReference "firebase-ios-sdk" */ = {
			isa = XCRemoteSwiftPackageReference;
			repositoryURL = "https://github.com/firebase/firebase-ios-sdk";
			requirement = {
				kind = upToNextMajorVersion;
				minimumVersion = 11.4.0;
			};
		};
/* End XCRemoteSwiftPackageReference section */

/* Begin XCSwiftPackageProductDependency section */
		D423451D2C99AFAB0019F434 /* RealmSwift */ = {
			isa = XCSwiftPackageProductDependency;
			package = D423451C2C99AFAB0019F434 /* XCRemoteSwiftPackageReference "realm-swift" */;
			productName = RealmSwift;
		};
		D4641A772CDF9C38005DB6F8 /* FirebaseAnalyticsWithoutAdIdSupport */ = {
			isa = XCSwiftPackageProductDependency;
			package = D4641A762CDF9C38005DB6F8 /* XCRemoteSwiftPackageReference "firebase-ios-sdk" */;
			productName = FirebaseAnalyticsWithoutAdIdSupport;
		};
		D4641A792CDF9C38005DB6F8 /* FirebaseCrashlytics */ = {
			isa = XCSwiftPackageProductDependency;
			package = D4641A762CDF9C38005DB6F8 /* XCRemoteSwiftPackageReference "firebase-ios-sdk" */;
			productName = FirebaseCrashlytics;
		};
/* End XCSwiftPackageProductDependency section */
	};
	rootObject = D408C44E2C9081CA001464E7 /* Project object */;
}
